$begin 'ConnectionParameters'
	DesktopProcessID=7868
	DesktopProcessPath='C:\\Program Files\\AnsysEM\\AnsysEM19.0\\Win64\\ansysedt.exe'
	LaunchedByWB=false
	$begin 'DesktopStubBlock'
		$begin 'CommDetails'
			TransportType=1
			IPAddress='192.168.31.1'
			ListenPort='50123'
			IPAddressVector[2: '192.168.10.1', '153.109.5.86']
		$end 'CommDetails'
		$begin 'Marshall'
			InstanceID=503
			ProcID=7868
			InterfaceID=1
			FactoryIntID='DesktopInterfaceForWBProxyStubFactory'
		$end 'Marshall'
	$end 'DesktopStubBlock'
	$begin 'DesktopBackgroundObjStubBlock'
		$begin 'CommDetails'
			TransportType=1
			IPAddress='192.168.31.1'
			ListenPort='50123'
			IPAddressVector[2: '192.168.10.1', '153.109.5.86']
		$end 'CommDetails'
		$begin 'Marshall'
			InstanceID=505
			ProcID=7868
			InterfaceID=2
			FactoryIntID='DesktopInterfaceForWBProxyStubFactory'
		$end 'Marshall'
	$end 'DesktopBackgroundObjStubBlock'
$end 'ConnectionParameters'
